
Microsoft Visual Studio Solution File, Format Version 12.00
# Visual Studio Version 17
VisualStudioVersion = 17.7.34202.233
MinimumVisualStudioVersion = 10.0.40219.1
Project("{FAE04EC0-301F-11D3-BF4B-00C04F79EFBC}") = "GRC-NewClientPortal", "GRC-NewClientPortal.csproj", "{545ACE99-1817-49C0-B07D-343F694FF445}"
EndProject
Global
	GlobalSection(SolutionConfigurationPlatforms) = preSolution
		Debug|Any CPU = Debug|Any CPU
		Release|Any CPU = Release|Any CPU
	EndGlobalSection
	GlobalSection(ProjectConfigurationPlatforms) = postSolution
		{545ACE99-1817-49C0-B07D-343F694FF445}.Debug|Any CPU.ActiveCfg = Debug|Any CPU
		{545ACE99-1817-49C0-B07D-343F694FF445}.Debug|Any CPU.Build.0 = Debug|Any CPU
		{545ACE99-1817-49C0-B07D-343F694FF445}.Release|Any CPU.ActiveCfg = Release|Any CPU
		{545ACE99-1817-49C0-B07D-343F694FF445}.Release|Any CPU.Build.0 = Release|Any CPU
	EndGlobalSection
	GlobalSection(SolutionProperties) = preSolution
		HideSolutionNode = FALSE
	EndGlobalSection
	GlobalSection(ExtensibilityGlobals) = postSolution
		SolutionGuid = {58A554C4-D20E-422B-B601-90F92CC2F572}
	EndGlobalSection
EndGlobal
